
Microsoft Visual Studio Solution File, Format Version 12.00
# Visual Studio Version 16
VisualStudioVersion = 16.0.29613.14
MinimumVisualStudioVersion = 10.0.40219.1
Project("{9A19103F-16F7-4668-BE54-9A1E7A4F7556}") = "ESCPOS_NET", "ESCPOS_NET\ESCPOS_NET.csproj", "{BA181101-43A5-435E-8744-ACDA313D04D8}"
EndProject
Project("{9A19103F-16F7-4668-BE54-9A1E7A4F7556}") = "ESCPOS_NET.ConsoleTest", "ESCPOS_NET.ConsoleTest\ESCPOS_NET.ConsoleTest.csproj", "{958464FE-6B30-4BA7-A4B1-D63ED2E23158}"
EndProject
Project("{FAE04EC0-301F-11D3-BF4B-00C04F79EFBC}") = "ESCP_NET", "ESCP_NET\ESCP_NET.csproj", "{0A3BE848-19D3-4D92-A989-91C3777E4A80}"
EndProject
Project("{FAE04EC0-301F-11D3-BF4B-00C04F79EFBC}") = "ESC_NET", "ESC_NET\ESC_NET.csproj", "{728122D5-D41B-4529-85B4-32E435C8DB48}"
EndProject
Project("{FAE04EC0-301F-11D3-BF4B-00C04F79EFBC}") = "ESC_COMMON_NET", "ESC_COMMON_NET\ESC_COMMON_NET.csproj", "{4ED3A6AD-93BA-4835-8774-06BBFC43E684}"
EndProject
Project("{FAE04EC0-301F-11D3-BF4B-00C04F79EFBC}") = "ESCP_NET.ConsoleTest", "ESCP_NET.ConsoleTest\ESCP_NET.ConsoleTest.csproj", "{2D405696-227A-40B2-B6DC-D9E4990B0073}"
EndProject
EndProject
Global
	GlobalSection(SolutionConfigurationPlatforms) = preSolution
		Debug|Any CPU = Debug|Any CPU
		Release|Any CPU = Release|Any CPU
	EndGlobalSection
	GlobalSection(ProjectConfigurationPlatforms) = postSolution
		{BA181101-43A5-435E-8744-ACDA313D04D8}.Debug|Any CPU.ActiveCfg = Debug|Any CPU
		{BA181101-43A5-435E-8744-ACDA313D04D8}.Debug|Any CPU.Build.0 = Debug|Any CPU
		{BA181101-43A5-435E-8744-ACDA313D04D8}.Release|Any CPU.ActiveCfg = Release|Any CPU
		{BA181101-43A5-435E-8744-ACDA313D04D8}.Release|Any CPU.Build.0 = Release|Any CPU
		{958464FE-6B30-4BA7-A4B1-D63ED2E23158}.Debug|Any CPU.ActiveCfg = Debug|Any CPU
		{958464FE-6B30-4BA7-A4B1-D63ED2E23158}.Debug|Any CPU.Build.0 = Debug|Any CPU
		{958464FE-6B30-4BA7-A4B1-D63ED2E23158}.Release|Any CPU.ActiveCfg = Release|Any CPU
		{958464FE-6B30-4BA7-A4B1-D63ED2E23158}.Release|Any CPU.Build.0 = Release|Any CPU
		{0A3BE848-19D3-4D92-A989-91C3777E4A80}.Debug|Any CPU.ActiveCfg = Debug|Any CPU
		{0A3BE848-19D3-4D92-A989-91C3777E4A80}.Debug|Any CPU.Build.0 = Debug|Any CPU
		{0A3BE848-19D3-4D92-A989-91C3777E4A80}.Release|Any CPU.ActiveCfg = Release|Any CPU
		{0A3BE848-19D3-4D92-A989-91C3777E4A80}.Release|Any CPU.Build.0 = Release|Any CPU
		{728122D5-D41B-4529-85B4-32E435C8DB48}.Debug|Any CPU.ActiveCfg = Debug|Any CPU
		{728122D5-D41B-4529-85B4-32E435C8DB48}.Debug|Any CPU.Build.0 = Debug|Any CPU
		{728122D5-D41B-4529-85B4-32E435C8DB48}.Release|Any CPU.ActiveCfg = Release|Any CPU
		{728122D5-D41B-4529-85B4-32E435C8DB48}.Release|Any CPU.Build.0 = Release|Any CPU
		{4ED3A6AD-93BA-4835-8774-06BBFC43E684}.Debug|Any CPU.ActiveCfg = Debug|Any CPU
		{4ED3A6AD-93BA-4835-8774-06BBFC43E684}.Debug|Any CPU.Build.0 = Debug|Any CPU
		{4ED3A6AD-93BA-4835-8774-06BBFC43E684}.Release|Any CPU.ActiveCfg = Release|Any CPU
		{4ED3A6AD-93BA-4835-8774-06BBFC43E684}.Release|Any CPU.Build.0 = Release|Any CPU
		{2D405696-227A-40B2-B6DC-D9E4990B0073}.Debug|Any CPU.ActiveCfg = Debug|Any CPU
		{2D405696-227A-40B2-B6DC-D9E4990B0073}.Debug|Any CPU.Build.0 = Debug|Any CPU
		{2D405696-227A-40B2-B6DC-D9E4990B0073}.Release|Any CPU.ActiveCfg = Release|Any CPU
		{2D405696-227A-40B2-B6DC-D9E4990B0073}.Release|Any CPU.Build.0 = Release|Any CPU
	EndGlobalSection
	GlobalSection(SolutionProperties) = preSolution
		HideSolutionNode = FALSE
	EndGlobalSection
	GlobalSection(ExtensibilityGlobals) = postSolution
		SolutionGuid = {FB679B5F-BE89-407A-820F-185FE53B15C5}
	EndGlobalSection
EndGlobal
